// !$*UTF8*$!
{
	archiveVersion = 1;
	classes = {
	};
	objectVersion = 46;
	objects = {

/* Begin PBXBuildFile section */
		0111638A1F3495FB00A10858 /* AppDelegate.swift in Sources */ = {isa = PBXBuildFile; fileRef = 011163891F3495FB00A10858 /* AppDelegate.swift */; };
		0111638C1F3495FB00A10858 /* PickDateVC.swift in Sources */ = {isa = PBXBuildFile; fileRef = 0111638B1F3495FB00A10858 /* PickDateVC.swift */; };
		011163911F3495FB00A10858 /* Assets.xcassets in Resources */ = {isa = PBXBuildFile; fileRef = 011163901F3495FB00A10858 /* Assets.xcassets */; };
		011163941F3495FB00A10858 /* LaunchScreen.storyboard in Resources */ = {isa = PBXBuildFile; fileRef = 011163921F3495FB00A10858 /* LaunchScreen.storyboard */; };
		0111639C1F349B7800A10858 /* Cell.swift in Sources */ = {isa = PBXBuildFile; fileRef = 0111639B1F349B7800A10858 /* Cell.swift */; };
		0111639E1F349D8100A10858 /* MainVC.swift in Sources */ = {isa = PBXBuildFile; fileRef = 0111639D1F349D8100A10858 /* MainVC.swift */; };
/* End PBXBuildFile section */

/* Begin PBXFileReference section */
		011163861F3495FB00A10858 /* pickDate.app */ = {isa = PBXFileReference; explicitFileType = wrapper.application; includeInIndex = 0; path = pickDate.app; sourceTree = BUILT_PRODUCTS_DIR; };
		011163891F3495FB00A10858 /* AppDelegate.swift */ = {isa = PBXFileReference; lastKnownFileType = sourcecode.swift; path = AppDelegate.swift; sourceTree = "<group>"; };
		0111638B1F3495FB00A10858 /* PickDateVC.swift */ = {isa = PBXFileReference; lastKnownFileType = sourcecode.swift; path = PickDateVC.swift; sourceTree = "<group>"; };
		011163901F3495FB00A10858 /* Assets.xcassets */ = {isa = PBXFileReference; lastKnownFileType = folder.assetcatalog; path = Assets.xcassets; sourceTree = "<group>"; };
		011163931F3495FB00A10858 /* Base */ = {isa = PBXFileReference; lastKnownFileType = file.storyboard; name = Base; path = Base.lproj/LaunchScreen.storyboard; sourceTree = "<group>"; };
		011163951F3495FB00A10858 /* Info.plist */ = {isa = PBXFileReference; lastKnownFileType = text.plist.xml; path = Info.plist; sourceTree = "<group>"; };
		0111639B1F349B7800A10858 /* Cell.swift */ = {isa = PBXFileReference; fileEncoding = 4; lastKnownFileType = sourcecode.swift; path = Cell.swift; sourceTree = "<group>"; };
		0111639D1F349D8100A10858 /* MainVC.swift */ = {isa = PBXFileReference; fileEncoding = 4; lastKnownFileType = sourcecode.swift; path = MainVC.swift; sourceTree = "<group>"; };
/* End PBXFileReference section */

/* Begin PBXFrameworksBuildPhase section */
		011163831F3495FB00A10858 /* Frameworks */ = {
			isa = PBXFrameworksBuildPhase;
			buildActionMask = 2147483647;
			files = (
			);
			runOnlyForDeploymentPostprocessing = 0;
		};
/* End PBXFrameworksBuildPhase section */

/* Begin PBXGroup section */
		0111637D1F3495FB00A10858 = {
			isa = PBXGroup;
			children = (
				011163881F3495FB00A10858 /* pickDate */,
				011163871F3495FB00A10858 /* Products */,
			);
			sourceTree = "<group>";
		};
		011163871F3495FB00A10858 /* Products */ = {
			isa = PBXGroup;
			children = (
				011163861F3495FB00A10858 /* pickDate.app */,
			);
			name = Products;
			sourceTree = "<group>";
		};
		011163881F3495FB00A10858 /* pickDate */ = {
			isa = PBXGroup;
			children = (
				011163891F3495FB00A10858 /* AppDelegate.swift */,
				0111639D1F349D8100A10858 /* MainVC.swift */,
				0111638B1F3495FB00A10858 /* PickDateVC.swift */,
				011163901F3495FB00A10858 /* Assets.xcassets */,
				011163921F3495FB00A10858 /* LaunchScreen.storyboard */,
				011163951F3495FB00A10858 /* Info.plist */,
				0111639B1F349B7800A10858 /* Cell.swift */,
			);
			path = pickDate;
			sourceTree = "<group>";
		};
/* End PBXGroup section */

/* Begin PBXNativeTarget section */
		011163851F3495FB00A10858 /* pickDate */ = {
			isa = PBXNativeTarget;
			buildConfigurationList = 011163981F3495FB00A10858 /* Build configuration list for PBXNativeTarget "pickDate" */;
			buildPhases = (
				011163821F3495FB00A10858 /* Sources */,
				011163831F3495FB00A10858 /* Frameworks */,
				011163841F3495FB00A10858 /* Resources */,
			);
			buildRules = (
			);
			dependencies = (
			);
			name = pickDate;
			productName = pickDate;
			productReference = 011163861F3495FB00A10858 /* pickDate.app */;
			productType = "com.apple.product-type.application";
		};
/* End PBXNativeTarget section */

/* Begin PBXProject section */
		0111637E1F3495FB00A10858 /* Project object */ = {
			isa = PBXProject;
			attributes = {
				LastSwiftUpdateCheck = 0830;
				LastUpgradeCheck = 0830;
				ORGANIZATIONNAME = nickLin;
				TargetAttributes = {
					011163851F3495FB00A10858 = {
						CreatedOnToolsVersion = 8.3.3;
						DevelopmentTeam = DZBBP5D6DJ;
						ProvisioningStyle = Automatic;
					};
				};
			};
			buildConfigurationList = 011163811F3495FB00A10858 /* Build configuration list for PBXProject "pickDate" */;
			compatibilityVersion = "Xcode 3.2";
			developmentRegion = English;
			hasScannedForEncodings = 0;
			knownRegions = (
				en,
				Base,
			);
			mainGroup = 0111637D1F3495FB00A10858;
			productRefGroup = 011163871F3495FB00A10858 /* Products */;
			projectDirPath = "";
			projectRoot = "";
			targets = (
				011163851F3495FB00A10858 /* pickDate */,
			);
		};
/* End PBXProject section */

/* Begin PBXResourcesBuildPhase section */
		011163841F3495FB00A10858 /* Resources */ = {
			isa = PBXResourcesBuildPhase;
			buildActionMask = 2147483647;
			files = (
				011163941F3495FB00A10858 /* LaunchScreen.storyboard in Resources */,
				011163911F3495FB00A10858 /* Assets.xcassets in Resources */,
			);
			runOnlyForDeploymentPostprocessing = 0;
		};
/* End PBXResourcesBuildPhase section */

/* Begin PBXSourcesBuildPhase section */
		011163821F3495FB00A10858 /* Sources */ = {
			isa = PBXSourcesBuildPhase;
			buildActionMask = 2147483647;
			files = (
				0111638C1F3495FB00A10858 /* PickDateVC.swift in Sources */,
				0111639E1F349D8100A10858 /* MainVC.swift in Sources */,
				0111638A1F3495FB00A10858 /* AppDelegate.swift in Sources */,
				0111639C1F349B7800A10858 /* Cell.swift in Sources */,
			);
			runOnlyForDeploymentPostprocessing = 0;
		};
/* End PBXSourcesBuildPhase section */

/* Begin PBXVariantGroup section */
		011163921F3495FB00A10858 /* LaunchScreen.storyboard */ = {
			isa = PBXVariantGroup;
			children = (
				011163931F3495FB00A10858 /* Base */,
			);
			name = LaunchScreen.storyboard;
			sourceTree = "<group>";
		};
/* End PBXVariantGroup section */

/* Begin XCBuildConfiguration section */
		011163961F3495FB00A10858 /* Debug */ = {
			isa = XCBuildConfiguration;
			buildSettings = {
				ALWAYS_SEARCH_USER_PATHS = NO;
				CLANG_ANALYZER_NONNULL = YES;
				CLANG_ANALYZER_NUMBER_OBJECT_CONVERSION = YES_AGGRESSIVE;
				CLANG_CXX_LANGUAGE_STANDARD = "gnu++0x";
				CLANG_CXX_LIBRARY = "libc++";
				CLANG_ENABLE_MODULES = YES;
				CLANG_ENABLE_OBJC_ARC = YES;
				CLANG_WARN_BOOL_CONVERSION = YES;
				CLANG_WARN_CONSTANT_CONVERSION = YES;
				CLANG_WARN_DIRECT_OBJC_ISA_USAGE = YES_ERROR;
				CLANG_WARN_DOCUMENTATION_COMMENTS = YES;
				CLANG_WARN_EMPTY_BODY = YES;
				CLANG_WARN_ENUM_CONVERSION = YES;
				CLANG_WARN_INFINITE_RECURSION = YES;
				CLANG_WARN_INT_CONVERSION = YES;
				CLANG_WARN_OBJC_ROOT_CLASS = YES_ERROR;
				CLANG_WARN_SUSPICIOUS_MOVE = YES;
				CLANG_WARN_UNREACHABLE_CODE = YES;
				CLANG_WARN__DUPLICATE_METHOD_MATCH = YES;
				"CODE_SIGN_IDENTITY[sdk=iphoneos*]" = "iPhone Developer";
				COPY_PHASE_STRIP = NO;
				DEBUG_INFORMATION_FORMAT = dwarf;
				ENABLE_STRICT_OBJC_MSGSEND = YES;
				ENABLE_TESTABILITY = YES;
				GCC_C_LANGUAGE_STANDARD = gnu99;
				GCC_DYNAMIC_NO_PIC = NO;
				GCC_NO_COMMON_BLOCKS = YES;
				GCC_OPTIMIZATION_LEVEL = 0;
				GCC_PREPROCESSOR_DEFINITIONS = (
					"DEBUG=1",
					"$(inherited)",
				);
				GCC_WARN_64_TO_32_BIT_CONVERSION = YES;
				GCC_WARN_ABOUT_RETURN_TYPE = YES_ERROR;
				GCC_WARN_UNDECLARED_SELECTOR = YES;
				GCC_WARN_UNINITIALIZED_AUTOS = YES_AGGRESSIVE;
				GCC_WARN_UNUSED_FUNCTION = YES;
				GCC_WARN_UNUSED_VARIABLE = YES;
				IPHONEOS_DEPLOYMENT_TARGET = 10.3;
				MTL_ENABLE_DEBUG_INFO = YES;
				ONLY_ACTIVE_ARCH = YES;
				SDKROOT = iphoneos;
				SWIFT_ACTIVE_COMPILATION_CONDITIONS = DEBUG;
				SWIFT_OPTIMIZATION_LEVEL = "-Onone";
				TARGETED_DEVICE_FAMILY = "1,2";
			};
			name = Debug;
		};
		011163971F3495FB00A10858 /* Release */ = {
			isa = XCBuildConfiguration;
			buildSettings = {
				ALWAYS_SEARCH_USER_PATHS = NO;
				CLANG_ANALYZER_NONNULL = YES;
				CLANG_ANALYZER_NUMBER_OBJECT_CONVERSION = YES_AGGRESSIVE;
				CLANG_CXX_LANGUAGE_STANDARD = "gnu++0x";
				CLANG_CXX_LIBRARY = "libc++";
				CLANG_ENABLE_MODULES = YES;
				CLANG_ENABLE_OBJC_ARC = YES;
				CLANG_WARN_BOOL_CONVERSION = YES;
				CLANG_WARN_CONSTANT_CONVERSION = YES;
				CLANG_WARN_DIRECT_OBJC_ISA_USAGE = YES_ERROR;
				CLANG_WARN_DOCUMENTATION_COMMENTS = YES;
				CLANG_WARN_EMPTY_BODY = YES;
				CLANG_WARN_ENUM_CONVERSION = YES;
				CLANG_WARN_INFINITE_RECURSION = YES;
				CLANG_WARN_INT_CONVERSION = YES;
				CLANG_WARN_OBJC_ROOT_CLASS = YES_ERROR;
				CLANG_WARN_SUSPICIOUS_MOVE = YES;
				CLANG_WARN_UNREACHABLE_CODE = YES;
				CLANG_WARN__DUPLICATE_METHOD_MATCH = YES;
				"CODE_SIGN_IDENTITY[sdk=iphoneos*]" = "iPhone Developer";
				COPY_PHASE_STRIP = NO;
				DEBUG_INFORMATION_FORMAT = "dwarf-with-dsym";
				ENABLE_NS_ASSERTIONS = NO;
				ENABLE_STRICT_OBJC_MSGSEND = YES;
				GCC_C_LANGUAGE_STANDARD = gnu99;
				GCC_NO_COMMON_BLOCKS = YES;
				GCC_WARN_64_TO_32_BIT_CONVERSION = YES;
				GCC_WARN_ABOUT_RETURN_TYPE = YES_ERROR;
				GCC_WARN_UNDECLARED_SELECTOR = YES;
				GCC_WARN_UNINITIALIZED_AUTOS = YES_AGGRESSIVE;
				GCC_WARN_UNUSED_FUNCTION = YES;
				GCC_WARN_UNUSED_VARIABLE = YES;
				IPHONEOS_DEPLOYMENT_TARGET = 10.3;
				MTL_ENABLE_DEBUG_INFO = NO;
				SDKROOT = iphoneos;
				SWIFT_OPTIMIZATION_LEVEL = "-Owholemodule";
				TARGETED_DEVICE_FAMILY = "1,2";
				VALIDATE_PRODUCT = YES;
			};
			name = Release;
		};
		011163991F3495FB00A10858 /* Debug */ = {
			isa = XCBuildConfiguration;
			buildSettings = {
				ASSETCATALOG_COMPILER_APPICON_NAME = AppIcon;
				DEVELOPMENT_TEAM = DZBBP5D6DJ;
				INFOPLIST_FILE = pickDate/Info.plist;
				IPHONEOS_DEPLOYMENT_TARGET = 8.1;
				LD_RUNPATH_SEARCH_PATHS = "$(inherited) @executable_path/Frameworks";
				PRODUCT_BUNDLE_IDENTIFIER = com.niLkciN.pickDate;
				PRODUCT_NAME = "$(TARGET_NAME)";
				SWIFT_VERSION = 3.0;
			};
			name = Debug;
		};
		0111639A1F3495FB00A10858 /* Release */ = {
			isa = XCBuildConfiguration;
			buildSettings = {
				ASSETCATALOG_COMPILER_APPICON_NAME = AppIcon;
				DEVELOPMENT_TEAM = DZBBP5D6DJ;
				INFOPLIST_FILE = pickDate/Info.plist;
				IPHONEOS_DEPLOYMENT_TARGET = 8.1;
				LD_RUNPATH_SEARCH_PATHS = "$(inherited) @executable_path/Frameworks";
				PRODUCT_BUNDLE_IDENTIFIER = com.niLkciN.pickDate;
				PRODUCT_NAME = "$(TARGET_NAME)";
				SWIFT_VERSION = 3.0;
			};
			name = Release;
		};
/* End XCBuildConfiguration section */

/* Begin XCConfigurationList section */
		011163811F3495FB00A10858 /* Build configuration list for PBXProject "pickDate" */ = {
			isa = XCConfigurationList;
			buildConfigurations = (
				011163961F3495FB00A10858 /* Debug */,
				011163971F3495FB00A10858 /* Release */,
			);
			defaultConfigurationIsVisible = 0;
			defaultConfigurationName = Release;
		};
		011163981F3495FB00A10858 /* Build configuration list for PBXNativeTarget "pickDate" */ = {
			isa = XCConfigurationList;
			buildConfigurations = (
				011163991F3495FB00A10858 /* Debug */,
				0111639A1F3495FB00A10858 /* Release */,
			);
			defaultConfigurationIsVisible = 0;
		};
/* End XCConfigurationList section */
	};
	rootObject = 0111637E1F3495FB00A10858 /* Project object */;
}
